
Microsoft Visual Studio Solution File, Format Version 12.00
# Visual Studio Version 17
VisualStudioVersion = 17.14.36930.0 d17.14
MinimumVisualStudioVersion = 10.0.40219.1
Project("{FAE04EC0-301F-11D3-BF4B-00C04F79EFBC}") = "GimbalController", "GimbalController\GimbalController.csproj", "{A64C2332-CF7C-4B88-813E-06906AE4463B}"
EndProject
Global
	GlobalSection(SolutionConfigurationPlatforms) = preSolution
		Debug|Any CPU = Debug|Any CPU
		Release|Any CPU = Release|Any CPU
	EndGlobalSection
	GlobalSection(ProjectConfigurationPlatforms) = postSolution
		{A64C2332-CF7C-4B88-813E-06906AE4463B}.Debug|Any CPU.ActiveCfg = Debug|Any CPU
		{A64C2332-CF7C-4B88-813E-06906AE4463B}.Debug|Any CPU.Build.0 = Debug|Any CPU
		{A64C2332-CF7C-4B88-813E-06906AE4463B}.Release|Any CPU.ActiveCfg = Release|Any CPU
		{A64C2332-CF7C-4B88-813E-06906AE4463B}.Release|Any CPU.Build.0 = Release|Any CPU
	EndGlobalSection
	GlobalSection(SolutionProperties) = preSolution
		HideSolutionNode = FALSE
	EndGlobalSection
	GlobalSection(ExtensibilityGlobals) = postSolution
		SolutionGuid = {94CF74D8-BA07-4756-85EF-0C6605308BB6}
	EndGlobalSection
EndGlobal
